github.com/gwu70ca/azuregofunctionhelper v0.1.19 h1:JeouMqTx6CbFOIGa3z4mLdJUXT8LzQPX01PfY3ZzEk8=
github.com/gwu70ca/azuregofunctionhelper v0.1.19/go.mod h1:gOcmdQeYjbRD+UVoba6mWiZHPc3CwMuqJasuy8atuhA=
github.com/gwu70ca/azuregofunctionhelper v0.1.21 h1:i81XUL2TmVUAx6PlA24VPjY2GaIj0T9Vo7tlZA8sjrc=
github.com/gwu70ca/azuregofunctionhelper v0.1.21/go.mod h1:gOcmdQeYjbRD+UVoba6mWiZHPc3CwMuqJasuy8atuhA=
github.com/gwu70ca/azuregofunctionhelper v0.1.22 h1:yjWdk4RXa5W9CNDg1meaABMW5mJ8q0q//8s7CDzxfMs=
github.com/gwu70ca/azuregofunctionhelper v0.1.22/go.mod h1:gOcmdQeYjbRD+UVoba6mWiZHPc3CwMuqJasuy8atuhA=
github.com/gwu70ca/azuregofunctionhelper v0.1.23 h1:dk+M9zwv4NgUzg0aQIE1lTefS7DOetFlRIbwqeusBy4=
github.com/gwu70ca/azuregofunctionhelper v0.1.23/go.mod h1:gOcmdQeYjbRD+UVoba6mWiZHPc3CwMuqJasuy8atuhA=
github.com/gwu70ca/azuregofunctionhelper v0.1.24 h1:30j0uVFK6kNIkrwnHMWd4MGK3vly3VXCjOcHYO4fo8U=
github.com/gwu70ca/azuregofunctionhelper v0.1.24/go.mod h1:gOcmdQeYjbRD+UVoba6mWiZHPc3CwMuqJasuy8atuhA=
